
Microsoft Visual Studio Solution File, Format Version 12.00
# Visual Studio Version 16
VisualStudioVersion = 16.0.30621.155
MinimumVisualStudioVersion = 10.0.40219.1
Project("{FAE04EC0-301F-11D3-BF4B-00C04F79EFBC}") = "Sessia2_5", "Sessia2_5.csproj", "{C3D1AFA7-6F6C-46DB-BF82-9EA9476BC11C}"
EndProject
Global
	GlobalSection(SolutionConfigurationPlatforms) = preSolution
		Debug|Any CPU = Debug|Any CPU
		Release|Any CPU = Release|Any CPU
	EndGlobalSection
	GlobalSection(ProjectConfigurationPlatforms) = postSolution
		{C3D1AFA7-6F6C-46DB-BF82-9EA9476BC11C}.Debug|Any CPU.ActiveCfg = Debug|Any CPU
		{C3D1AFA7-6F6C-46DB-BF82-9EA9476BC11C}.Debug|Any CPU.Build.0 = Debug|Any CPU
		{C3D1AFA7-6F6C-46DB-BF82-9EA9476BC11C}.Release|Any CPU.ActiveCfg = Release|Any CPU
		{C3D1AFA7-6F6C-46DB-BF82-9EA9476BC11C}.Release|Any CPU.Build.0 = Release|Any CPU
	EndGlobalSection
	GlobalSection(SolutionProperties) = preSolution
		HideSolutionNode = FALSE
	EndGlobalSection
	GlobalSection(ExtensibilityGlobals) = postSolution
		SolutionGuid = {A69BAF7F-EF97-4022-88F8-1FB63DCC77D2}
	EndGlobalSection
EndGlobal
